
Microsoft Visual Studio Solution File, Format Version 12.00
# Visual Studio Version 17
VisualStudioVersion = 17.2.32602.215
MinimumVisualStudioVersion = 10.0.40219.1
Project("{FAE04EC0-301F-11D3-BF4B-00C04F79EFBC}") = "RestaurantsDataApi", "RestaurantsDataApi.csproj", "{5C1FB3C3-97E8-4FF0-B67C-1AD3ECF4BA4A}"
EndProject
Global
	GlobalSection(SolutionConfigurationPlatforms) = preSolution
		Debug|Any CPU = Debug|Any CPU
		Release|Any CPU = Release|Any CPU
	EndGlobalSection
	GlobalSection(ProjectConfigurationPlatforms) = postSolution
		{5C1FB3C3-97E8-4FF0-B67C-1AD3ECF4BA4A}.Debug|Any CPU.ActiveCfg = Debug|Any CPU
		{5C1FB3C3-97E8-4FF0-B67C-1AD3ECF4BA4A}.Debug|Any CPU.Build.0 = Debug|Any CPU
		{5C1FB3C3-97E8-4FF0-B67C-1AD3ECF4BA4A}.Release|Any CPU.ActiveCfg = Release|Any CPU
		{5C1FB3C3-97E8-4FF0-B67C-1AD3ECF4BA4A}.Release|Any CPU.Build.0 = Release|Any CPU
	EndGlobalSection
	GlobalSection(SolutionProperties) = preSolution
		HideSolutionNode = FALSE
	EndGlobalSection
	GlobalSection(ExtensibilityGlobals) = postSolution
		SolutionGuid = {BD72C53E-5E22-4011-BD7D-33B9ABAC425D}
	EndGlobalSection
EndGlobal
